// !$*UTF8*$!
{
	archiveVersion = 1;
	classes = {
	};
	objectVersion = 50;
	objects = {

/* Begin PBXBuildFile section */
		AF04196B221AEB5E00A0C36F /* OBJCHomeViewController.m in Sources */ = {isa = PBXBuildFile; fileRef = AF04196A221AEB5E00A0C36F /* OBJCHomeViewController.m */; };
		AF04196E221AEB7800A0C36F /* OBJCDetailViewController.m in Sources */ = {isa = PBXBuildFile; fileRef = AF04196D221AEB7800A0C36F /* OBJCDetailViewController.m */; };
		AF041973221AF92600A0C36F /* OBJCPopoverPicker.m in Sources */ = {isa = PBXBuildFile; fileRef = AF041972221AF92600A0C36F /* OBJCPopoverPicker.m */; };
		AF6A6721221B2024005B3065 /* OBJCPopoverPickerTableViewCell.m in Sources */ = {isa = PBXBuildFile; fileRef = AF6A671F221B2024005B3065 /* OBJCPopoverPickerTableViewCell.m */; };
		AF6A6722221B2024005B3065 /* OBJCPopoverPickerTableViewCell.xib in Resources */ = {isa = PBXBuildFile; fileRef = AF6A6720221B2024005B3065 /* OBJCPopoverPickerTableViewCell.xib */; };
		AF9CDE802217134A006F77AE /* PopoverPicker.swift in Sources */ = {isa = PBXBuildFile; fileRef = AF9CDE7F2217134A006F77AE /* PopoverPicker.swift */; };
		AF9CDE8322172331006F77AE /* PopoverPickerTableViewCell.swift in Sources */ = {isa = PBXBuildFile; fileRef = AF9CDE8122172331006F77AE /* PopoverPickerTableViewCell.swift */; };
		AF9CDE8422172331006F77AE /* PopoverPickerTableViewCell.xib in Resources */ = {isa = PBXBuildFile; fileRef = AF9CDE8222172331006F77AE /* PopoverPickerTableViewCell.xib */; };
		AF9CDE872217235A006F77AE /* Reusable.swift in Sources */ = {isa = PBXBuildFile; fileRef = AF9CDE852217235A006F77AE /* Reusable.swift */; };
		AF9CDE882217235A006F77AE /* UITableView+Reusable.swift in Sources */ = {isa = PBXBuildFile; fileRef = AF9CDE862217235A006F77AE /* UITableView+Reusable.swift */; };
		AFC2B02822172E9D00473A33 /* DetailViewController.swift in Sources */ = {isa = PBXBuildFile; fileRef = AFC2B02722172E9D00473A33 /* DetailViewController.swift */; };
		AFC7D778221AFB48007C3743 /* OBJCModel.m in Sources */ = {isa = PBXBuildFile; fileRef = AFC7D777221AFB48007C3743 /* OBJCModel.m */; };
		AFE30A632215327200520F34 /* AppDelegate.swift in Sources */ = {isa = PBXBuildFile; fileRef = AFE30A622215327200520F34 /* AppDelegate.swift */; };
		AFE30A682215327200520F34 /* Main.storyboard in Resources */ = {isa = PBXBuildFile; fileRef = AFE30A662215327200520F34 /* Main.storyboard */; };
		AFE30A6A2215327700520F34 /* Assets.xcassets in Resources */ = {isa = PBXBuildFile; fileRef = AFE30A692215327700520F34 /* Assets.xcassets */; };
		AFE30A6D2215327700520F34 /* LaunchScreen.storyboard in Resources */ = {isa = PBXBuildFile; fileRef = AFE30A6B2215327700520F34 /* LaunchScreen.storyboard */; };
		AFE30A782215674900520F34 /* HomeViewController.swift in Sources */ = {isa = PBXBuildFile; fileRef = AFE30A772215674900520F34 /* HomeViewController.swift */; };
		AFE67336221A62D900DDB28A /* Model.swift in Sources */ = {isa = PBXBuildFile; fileRef = AFE67335221A62D900DDB28A /* Model.swift */; };
		D5144AC4A74FDF2A43CCA1B4 /* Pods_AlertTableViewController.framework in Frameworks */ = {isa = PBXBuildFile; fileRef = FBAFC86826C96165911F2051 /* Pods_AlertTableViewController.framework */; };
/* End PBXBuildFile section */

/* Begin PBXFileReference section */
		A1319354906AD5757F2549CD /* Pods-AlertTableViewController.release.xcconfig */ = {isa = PBXFileReference; includeInIndex = 1; lastKnownFileType = text.xcconfig; name = "Pods-AlertTableViewController.release.xcconfig"; path = "Pods/Target Support Files/Pods-AlertTableViewController/Pods-AlertTableViewController.release.xcconfig"; sourceTree = "<group>"; };
		AF041968221AEB5E00A0C36F /* AlertTableViewController-Bridging-Header.h */ = {isa = PBXFileReference; lastKnownFileType = sourcecode.c.h; path = "AlertTableViewController-Bridging-Header.h"; sourceTree = "<group>"; };
		AF041969221AEB5E00A0C36F /* OBJCHomeViewController.h */ = {isa = PBXFileReference; lastKnownFileType = sourcecode.c.h; path = OBJCHomeViewController.h; sourceTree = "<group>"; };
		AF04196A221AEB5E00A0C36F /* OBJCHomeViewController.m */ = {isa = PBXFileReference; lastKnownFileType = sourcecode.c.objc; path = OBJCHomeViewController.m; sourceTree = "<group>"; };
		AF04196C221AEB7800A0C36F /* OBJCDetailViewController.h */ = {isa = PBXFileReference; lastKnownFileType = sourcecode.c.h; path = OBJCDetailViewController.h; sourceTree = "<group>"; };
		AF04196D221AEB7800A0C36F /* OBJCDetailViewController.m */ = {isa = PBXFileReference; lastKnownFileType = sourcecode.c.objc; path = OBJCDetailViewController.m; sourceTree = "<group>"; };
		AF041971221AF92600A0C36F /* OBJCPopoverPicker.h */ = {isa = PBXFileReference; lastKnownFileType = sourcecode.c.h; path = OBJCPopoverPicker.h; sourceTree = "<group>"; };
		AF041972221AF92600A0C36F /* OBJCPopoverPicker.m */ = {isa = PBXFileReference; lastKnownFileType = sourcecode.c.objc; path = OBJCPopoverPicker.m; sourceTree = "<group>"; };
		AF6A671E221B2024005B3065 /* OBJCPopoverPickerTableViewCell.h */ = {isa = PBXFileReference; lastKnownFileType = sourcecode.c.h; path = OBJCPopoverPickerTableViewCell.h; sourceTree = "<group>"; };
		AF6A671F221B2024005B3065 /* OBJCPopoverPickerTableViewCell.m */ = {isa = PBXFileReference; lastKnownFileType = sourcecode.c.objc; path = OBJCPopoverPickerTableViewCell.m; sourceTree = "<group>"; };
		AF6A6720221B2024005B3065 /* OBJCPopoverPickerTableViewCell.xib */ = {isa = PBXFileReference; lastKnownFileType = file.xib; path = OBJCPopoverPickerTableViewCell.xib; sourceTree = "<group>"; };
		AF9CDE7F2217134A006F77AE /* PopoverPicker.swift */ = {isa = PBXFileReference; lastKnownFileType = sourcecode.swift; path = PopoverPicker.swift; sourceTree = "<group>"; };
		AF9CDE8122172331006F77AE /* PopoverPickerTableViewCell.swift */ = {isa = PBXFileReference; lastKnownFileType = sourcecode.swift; path = PopoverPickerTableViewCell.swift; sourceTree = "<group>"; };
		AF9CDE8222172331006F77AE /* PopoverPickerTableViewCell.xib */ = {isa = PBXFileReference; lastKnownFileType = file.xib; path = PopoverPickerTableViewCell.xib; sourceTree = "<group>"; };
		AF9CDE852217235A006F77AE /* Reusable.swift */ = {isa = PBXFileReference; fileEncoding = 4; lastKnownFileType = sourcecode.swift; path = Reusable.swift; sourceTree = "<group>"; };
		AF9CDE862217235A006F77AE /* UITableView+Reusable.swift */ = {isa = PBXFileReference; fileEncoding = 4; lastKnownFileType = sourcecode.swift; path = "UITableView+Reusable.swift"; sourceTree = "<group>"; };
		AFC2B02722172E9D00473A33 /* DetailViewController.swift */ = {isa = PBXFileReference; lastKnownFileType = sourcecode.swift; path = DetailViewController.swift; sourceTree = "<group>"; };
		AFC7D776221AFB48007C3743 /* OBJCModel.h */ = {isa = PBXFileReference; lastKnownFileType = sourcecode.c.h; path = OBJCModel.h; sourceTree = "<group>"; };
		AFC7D777221AFB48007C3743 /* OBJCModel.m */ = {isa = PBXFileReference; lastKnownFileType = sourcecode.c.objc; path = OBJCModel.m; sourceTree = "<group>"; };
		AFE30A5F2215327200520F34 /* AlertTableViewController.app */ = {isa = PBXFileReference; explicitFileType = wrapper.application; includeInIndex = 0; path = AlertTableViewController.app; sourceTree = BUILT_PRODUCTS_DIR; };
		AFE30A622215327200520F34 /* AppDelegate.swift */ = {isa = PBXFileReference; lastKnownFileType = sourcecode.swift; path = AppDelegate.swift; sourceTree = "<group>"; };
		AFE30A672215327200520F34 /* Base */ = {isa = PBXFileReference; lastKnownFileType = file.storyboard; name = Base; path = Base.lproj/Main.storyboard; sourceTree = "<group>"; };
		AFE30A692215327700520F34 /* Assets.xcassets */ = {isa = PBXFileReference; lastKnownFileType = folder.assetcatalog; path = Assets.xcassets; sourceTree = "<group>"; };
		AFE30A6C2215327700520F34 /* Base */ = {isa = PBXFileReference; lastKnownFileType = file.storyboard; name = Base; path = Base.lproj/LaunchScreen.storyboard; sourceTree = "<group>"; };
		AFE30A6E2215327700520F34 /* Info.plist */ = {isa = PBXFileReference; lastKnownFileType = text.plist.xml; path = Info.plist; sourceTree = "<group>"; };
		AFE30A772215674900520F34 /* HomeViewController.swift */ = {isa = PBXFileReference; lastKnownFileType = sourcecode.swift; path = HomeViewController.swift; sourceTree = "<group>"; };
		AFE67335221A62D900DDB28A /* Model.swift */ = {isa = PBXFileReference; fileEncoding = 4; lastKnownFileType = sourcecode.swift; path = Model.swift; sourceTree = "<group>"; };
		C5774895F06D779312E680DB /* Pods-AlertTableViewController.debug.xcconfig */ = {isa = PBXFileReference; includeInIndex = 1; lastKnownFileType = text.xcconfig; name = "Pods-AlertTableViewController.debug.xcconfig"; path = "Pods/Target Support Files/Pods-AlertTableViewController/Pods-AlertTableViewController.debug.xcconfig"; sourceTree = "<group>"; };
		FBAFC86826C96165911F2051 /* Pods_AlertTableViewController.framework */ = {isa = PBXFileReference; explicitFileType = wrapper.framework; includeInIndex = 0; path = Pods_AlertTableViewController.framework; sourceTree = BUILT_PRODUCTS_DIR; };
/* End PBXFileReference section */

/* Begin PBXFrameworksBuildPhase section */
		AFE30A5C2215327200520F34 /* Frameworks */ = {
			isa = PBXFrameworksBuildPhase;
			buildActionMask = 2147483647;
			files = (
				D5144AC4A74FDF2A43CCA1B4 /* Pods_AlertTableViewController.framework in Frameworks */,
			);
			runOnlyForDeploymentPostprocessing = 0;
		};
/* End PBXFrameworksBuildPhase section */

/* Begin PBXGroup section */
		477E689316DF8FD109F0F715 /* Pods */ = {
			isa = PBXGroup;
			children = (
				C5774895F06D779312E680DB /* Pods-AlertTableViewController.debug.xcconfig */,
				A1319354906AD5757F2549CD /* Pods-AlertTableViewController.release.xcconfig */,
			);
			name = Pods;
			sourceTree = "<group>";
		};
		A57042EA7D3F483BD4C61CEE /* Frameworks */ = {
			isa = PBXGroup;
			children = (
				FBAFC86826C96165911F2051 /* Pods_AlertTableViewController.framework */,
			);
			name = Frameworks;
			sourceTree = "<group>";
		};
		AF04196F221AF8E400A0C36F /* Swift */ = {
			isa = PBXGroup;
			children = (
				AFE30A772215674900520F34 /* HomeViewController.swift */,
				AFC2B02722172E9D00473A33 /* DetailViewController.swift */,
				AF9CDE7F2217134A006F77AE /* PopoverPicker.swift */,
				AF9CDE8122172331006F77AE /* PopoverPickerTableViewCell.swift */,
				AF9CDE8222172331006F77AE /* PopoverPickerTableViewCell.xib */,
				AF9CDE852217235A006F77AE /* Reusable.swift */,
				AF9CDE862217235A006F77AE /* UITableView+Reusable.swift */,
				AFE67335221A62D900DDB28A /* Model.swift */,
			);
			path = Swift;
			sourceTree = "<group>";
		};
		AF041970221AF8F200A0C36F /* Objective-C */ = {
			isa = PBXGroup;
			children = (
				AF041969221AEB5E00A0C36F /* OBJCHomeViewController.h */,
				AF04196A221AEB5E00A0C36F /* OBJCHomeViewController.m */,
				AF04196C221AEB7800A0C36F /* OBJCDetailViewController.h */,
				AF04196D221AEB7800A0C36F /* OBJCDetailViewController.m */,
				AF041971221AF92600A0C36F /* OBJCPopoverPicker.h */,
				AF041972221AF92600A0C36F /* OBJCPopoverPicker.m */,
				AF6A671E221B2024005B3065 /* OBJCPopoverPickerTableViewCell.h */,
				AF6A671F221B2024005B3065 /* OBJCPopoverPickerTableViewCell.m */,
				AF6A6720221B2024005B3065 /* OBJCPopoverPickerTableViewCell.xib */,
				AFC7D776221AFB48007C3743 /* OBJCModel.h */,
				AFC7D777221AFB48007C3743 /* OBJCModel.m */,
			);
			path = "Objective-C";
			sourceTree = "<group>";
		};
		AFE30A562215327200520F34 = {
			isa = PBXGroup;
			children = (
				AFE30A612215327200520F34 /* AlertTableViewController */,
				AFE30A602215327200520F34 /* Products */,
				477E689316DF8FD109F0F715 /* Pods */,
				A57042EA7D3F483BD4C61CEE /* Frameworks */,
			);
			sourceTree = "<group>";
		};
		AFE30A602215327200520F34 /* Products */ = {
			isa = PBXGroup;
			children = (
				AFE30A5F2215327200520F34 /* AlertTableViewController.app */,
			);
			name = Products;
			sourceTree = "<group>";
		};
		AFE30A612215327200520F34 /* AlertTableViewController */ = {
			isa = PBXGroup;
			children = (
				AFE30A622215327200520F34 /* AppDelegate.swift */,
				AF04196F221AF8E400A0C36F /* Swift */,
				AF041970221AF8F200A0C36F /* Objective-C */,
				AFE30A662215327200520F34 /* Main.storyboard */,
				AFE30A692215327700520F34 /* Assets.xcassets */,
				AFE30A6B2215327700520F34 /* LaunchScreen.storyboard */,
				AFE30A6E2215327700520F34 /* Info.plist */,
				AF041968221AEB5E00A0C36F /* AlertTableViewController-Bridging-Header.h */,
			);
			path = AlertTableViewController;
			sourceTree = "<group>";
		};
/* End PBXGroup section */

/* Begin PBXNativeTarget section */
		AFE30A5E2215327200520F34 /* AlertTableViewController */ = {
			isa = PBXNativeTarget;
			buildConfigurationList = AFE30A712215327700520F34 /* Build configuration list for PBXNativeTarget "AlertTableViewController" */;
			buildPhases = (
				57003BA7B05C2B7C41C09D32 /* [CP] Check Pods Manifest.lock */,
				AFE30A5B2215327200520F34 /* Sources */,
				AFE30A5C2215327200520F34 /* Frameworks */,
				AFE30A5D2215327200520F34 /* Resources */,
				8B1F355986CE07E1D29573EE /* [CP] Embed Pods Frameworks */,
			);
			buildRules = (
			);
			dependencies = (
			);
			name = AlertTableViewController;
			productName = AlertTableViewController;
			productReference = AFE30A5F2215327200520F34 /* AlertTableViewController.app */;
			productType = "com.apple.product-type.application";
		};
/* End PBXNativeTarget section */

/* Begin PBXProject section */
		AFE30A572215327200520F34 /* Project object */ = {
			isa = PBXProject;
			attributes = {
				LastSwiftUpdateCheck = 1010;
				LastUpgradeCheck = 1010;
				ORGANIZATIONNAME = "BJIT Ltd.";
				TargetAttributes = {
					AFE30A5E2215327200520F34 = {
						CreatedOnToolsVersion = 10.1;
						LastSwiftMigration = 1010;
					};
				};
			};
			buildConfigurationList = AFE30A5A2215327200520F34 /* Build configuration list for PBXProject "AlertTableViewController" */;
			compatibilityVersion = "Xcode 9.3";
			developmentRegion = en;
			hasScannedForEncodings = 0;
			knownRegions = (
				en,
				Base,
			);
			mainGroup = AFE30A562215327200520F34;
			productRefGroup = AFE30A602215327200520F34 /* Products */;
			projectDirPath = "";
			projectRoot = "";
			targets = (
				AFE30A5E2215327200520F34 /* AlertTableViewController */,
			);
		};
/* End PBXProject section */

/* Begin PBXResourcesBuildPhase section */
		AFE30A5D2215327200520F34 /* Resources */ = {
			isa = PBXResourcesBuildPhase;
			buildActionMask = 2147483647;
			files = (
				AF6A6722221B2024005B3065 /* OBJCPopoverPickerTableViewCell.xib in Resources */,
				AFE30A6D2215327700520F34 /* LaunchScreen.storyboard in Resources */,
				AFE30A6A2215327700520F34 /* Assets.xcassets in Resources */,
				AFE30A682215327200520F34 /* Main.storyboard in Resources */,
				AF9CDE8422172331006F77AE /* PopoverPickerTableViewCell.xib in Resources */,
			);
			runOnlyForDeploymentPostprocessing = 0;
		};
/* End PBXResourcesBuildPhase section */

/* Begin PBXShellScriptBuildPhase section */
		57003BA7B05C2B7C41C09D32 /* [CP] Check Pods Manifest.lock */ = {
			isa = PBXShellScriptBuildPhase;
			buildActionMask = 2147483647;
			files = (
			);
			inputFileListPaths = (
			);
			inputPaths = (
				"${PODS_PODFILE_DIR_PATH}/Podfile.lock",
				"${PODS_ROOT}/Manifest.lock",
			);
			name = "[CP] Check Pods Manifest.lock";
			outputFileListPaths = (
			);
			outputPaths = (
				"$(DERIVED_FILE_DIR)/Pods-AlertTableViewController-checkManifestLockResult.txt",
			);
			runOnlyForDeploymentPostprocessing = 0;
			shellPath = /bin/sh;
			shellScript = "diff \"${PODS_PODFILE_DIR_PATH}/Podfile.lock\" \"${PODS_ROOT}/Manifest.lock\" > /dev/null\nif [ $? != 0 ] ; then\n    # print error to STDERR\n    echo \"error: The sandbox is not in sync with the Podfile.lock. Run 'pod install' or update your CocoaPods installation.\" >&2\n    exit 1\nfi\n# This output is used by Xcode 'outputs' to avoid re-running this script phase.\necho \"SUCCESS\" > \"${SCRIPT_OUTPUT_FILE_0}\"\n";
			showEnvVarsInLog = 0;
		};
		8B1F355986CE07E1D29573EE /* [CP] Embed Pods Frameworks */ = {
			isa = PBXShellScriptBuildPhase;
			buildActionMask = 2147483647;
			files = (
			);
			inputFileListPaths = (
			);
			inputPaths = (
				"${SRCROOT}/Pods/Target Support Files/Pods-AlertTableViewController/Pods-AlertTableViewController-frameworks.sh",
				"${BUILT_PRODUCTS_DIR}/SDCAlertView/SDCAlertView.framework",
			);
			name = "[CP] Embed Pods Frameworks";
			outputFileListPaths = (
			);
			outputPaths = (
				"${TARGET_BUILD_DIR}/${FRAMEWORKS_FOLDER_PATH}/SDCAlertView.framework",
			);
			runOnlyForDeploymentPostprocessing = 0;
			shellPath = /bin/sh;
			shellScript = "\"${SRCROOT}/Pods/Target Support Files/Pods-AlertTableViewController/Pods-AlertTableViewController-frameworks.sh\"\n";
			showEnvVarsInLog = 0;
		};
/* End PBXShellScriptBuildPhase section */

/* Begin PBXSourcesBuildPhase section */
		AFE30A5B2215327200520F34 /* Sources */ = {
			isa = PBXSourcesBuildPhase;
			buildActionMask = 2147483647;
			files = (
				AF9CDE872217235A006F77AE /* Reusable.swift in Sources */,
				AF04196E221AEB7800A0C36F /* OBJCDetailViewController.m in Sources */,
				AFE30A632215327200520F34 /* AppDelegate.swift in Sources */,
				AF041973221AF92600A0C36F /* OBJCPopoverPicker.m in Sources */,
				AF6A6721221B2024005B3065 /* OBJCPopoverPickerTableViewCell.m in Sources */,
				AF9CDE802217134A006F77AE /* PopoverPicker.swift in Sources */,
				AF9CDE8322172331006F77AE /* PopoverPickerTableViewCell.swift in Sources */,
				AFE30A782215674900520F34 /* HomeViewController.swift in Sources */,
				AF9CDE882217235A006F77AE /* UITableView+Reusable.swift in Sources */,
				AFC2B02822172E9D00473A33 /* DetailViewController.swift in Sources */,
				AFC7D778221AFB48007C3743 /* OBJCModel.m in Sources */,
				AF04196B221AEB5E00A0C36F /* OBJCHomeViewController.m in Sources */,
				AFE67336221A62D900DDB28A /* Model.swift in Sources */,
			);
			runOnlyForDeploymentPostprocessing = 0;
		};
/* End PBXSourcesBuildPhase section */

/* Begin PBXVariantGroup section */
		AFE30A662215327200520F34 /* Main.storyboard */ = {
			isa = PBXVariantGroup;
			children = (
				AFE30A672215327200520F34 /* Base */,
			);
			name = Main.storyboard;
			sourceTree = "<group>";
		};
		AFE30A6B2215327700520F34 /* LaunchScreen.storyboard */ = {
			isa = PBXVariantGroup;
			children = (
				AFE30A6C2215327700520F34 /* Base */,
			);
			name = LaunchScreen.storyboard;
			sourceTree = "<group>";
		};
/* End PBXVariantGroup section */

/* Begin XCBuildConfiguration section */
		AFE30A6F2215327700520F34 /* Debug */ = {
			isa = XCBuildConfiguration;
			buildSettings = {
				ALWAYS_SEARCH_USER_PATHS = NO;
				CLANG_ANALYZER_NONNULL = YES;
				CLANG_ANALYZER_NUMBER_OBJECT_CONVERSION = YES_AGGRESSIVE;
				CLANG_CXX_LANGUAGE_STANDARD = "gnu++14";
				CLANG_CXX_LIBRARY = "libc++";
				CLANG_ENABLE_MODULES = YES;
				CLANG_ENABLE_OBJC_ARC = YES;
				CLANG_ENABLE_OBJC_WEAK = YES;
				CLANG_WARN_BLOCK_CAPTURE_AUTORELEASING = YES;
				CLANG_WARN_BOOL_CONVERSION = YES;
				CLANG_WARN_COMMA = YES;
				CLANG_WARN_CONSTANT_CONVERSION = YES;
				CLANG_WARN_DEPRECATED_OBJC_IMPLEMENTATIONS = YES;
				CLANG_WARN_DIRECT_OBJC_ISA_USAGE = YES_ERROR;
				CLANG_WARN_DOCUMENTATION_COMMENTS = YES;
				CLANG_WARN_EMPTY_BODY = YES;
				CLANG_WARN_ENUM_CONVERSION = YES;
				CLANG_WARN_INFINITE_RECURSION = YES;
				CLANG_WARN_INT_CONVERSION = YES;
				CLANG_WARN_NON_LITERAL_NULL_CONVERSION = YES;
				CLANG_WARN_OBJC_IMPLICIT_RETAIN_SELF = YES;
				CLANG_WARN_OBJC_LITERAL_CONVERSION = YES;
				CLANG_WARN_OBJC_ROOT_CLASS = YES_ERROR;
				CLANG_WARN_RANGE_LOOP_ANALYSIS = YES;
				CLANG_WARN_STRICT_PROTOTYPES = YES;
				CLANG_WARN_SUSPICIOUS_MOVE = YES;
				CLANG_WARN_UNGUARDED_AVAILABILITY = YES_AGGRESSIVE;
				CLANG_WARN_UNREACHABLE_CODE = YES;
				CLANG_WARN__DUPLICATE_METHOD_MATCH = YES;
				CODE_SIGN_IDENTITY = "iPhone Developer";
				COPY_PHASE_STRIP = NO;
				DEBUG_INFORMATION_FORMAT = dwarf;
				ENABLE_STRICT_OBJC_MSGSEND = YES;
				ENABLE_TESTABILITY = YES;
				GCC_C_LANGUAGE_STANDARD = gnu11;
				GCC_DYNAMIC_NO_PIC = NO;
				GCC_NO_COMMON_BLOCKS = YES;
				GCC_OPTIMIZATION_LEVEL = 0;
				GCC_PREPROCESSOR_DEFINITIONS = (
					"DEBUG=1",
					"$(inherited)",
				);
				GCC_WARN_64_TO_32_BIT_CONVERSION = YES;
				GCC_WARN_ABOUT_RETURN_TYPE = YES_ERROR;
				GCC_WARN_UNDECLARED_SELECTOR = YES;
				GCC_WARN_UNINITIALIZED_AUTOS = YES_AGGRESSIVE;
				GCC_WARN_UNUSED_FUNCTION = YES;
				GCC_WARN_UNUSED_VARIABLE = YES;
				IPHONEOS_DEPLOYMENT_TARGET = 9.0;
				MTL_ENABLE_DEBUG_INFO = INCLUDE_SOURCE;
				MTL_FAST_MATH = YES;
				ONLY_ACTIVE_ARCH = YES;
				SDKROOT = iphoneos;
				SWIFT_ACTIVE_COMPILATION_CONDITIONS = DEBUG;
				SWIFT_OPTIMIZATION_LEVEL = "-Onone";
			};
			name = Debug;
		};
		AFE30A702215327700520F34 /* Release */ = {
			isa = XCBuildConfiguration;
			buildSettings = {
				ALWAYS_SEARCH_USER_PATHS = NO;
				CLANG_ANALYZER_NONNULL = YES;
				CLANG_ANALYZER_NUMBER_OBJECT_CONVERSION = YES_AGGRESSIVE;
				CLANG_CXX_LANGUAGE_STANDARD = "gnu++14";
				CLANG_CXX_LIBRARY = "libc++";
				CLANG_ENABLE_MODULES = YES;
				CLANG_ENABLE_OBJC_ARC = YES;
				CLANG_ENABLE_OBJC_WEAK = YES;
				CLANG_WARN_BLOCK_CAPTURE_AUTORELEASING = YES;
				CLANG_WARN_BOOL_CONVERSION = YES;
				CLANG_WARN_COMMA = YES;
				CLANG_WARN_CONSTANT_CONVERSION = YES;
				CLANG_WARN_DEPRECATED_OBJC_IMPLEMENTATIONS = YES;
				CLANG_WARN_DIRECT_OBJC_ISA_USAGE = YES_ERROR;
				CLANG_WARN_DOCUMENTATION_COMMENTS = YES;
				CLANG_WARN_EMPTY_BODY = YES;
				CLANG_WARN_ENUM_CONVERSION = YES;
				CLANG_WARN_INFINITE_RECURSION = YES;
				CLANG_WARN_INT_CONVERSION = YES;
				CLANG_WARN_NON_LITERAL_NULL_CONVERSION = YES;
				CLANG_WARN_OBJC_IMPLICIT_RETAIN_SELF = YES;
				CLANG_WARN_OBJC_LITERAL_CONVERSION = YES;
				CLANG_WARN_OBJC_ROOT_CLASS = YES_ERROR;
				CLANG_WARN_RANGE_LOOP_ANALYSIS = YES;
				CLANG_WARN_STRICT_PROTOTYPES = YES;
				CLANG_WARN_SUSPICIOUS_MOVE = YES;
				CLANG_WARN_UNGUARDED_AVAILABILITY = YES_AGGRESSIVE;
				CLANG_WARN_UNREACHABLE_CODE = YES;
				CLANG_WARN__DUPLICATE_METHOD_MATCH = YES;
				CODE_SIGN_IDENTITY = "iPhone Developer";
				COPY_PHASE_STRIP = NO;
				DEBUG_INFORMATION_FORMAT = "dwarf-with-dsym";
				ENABLE_NS_ASSERTIONS = NO;
				ENABLE_STRICT_OBJC_MSGSEND = YES;
				GCC_C_LANGUAGE_STANDARD = gnu11;
				GCC_NO_COMMON_BLOCKS = YES;
				GCC_WARN_64_TO_32_BIT_CONVERSION = YES;
				GCC_WARN_ABOUT_RETURN_TYPE = YES_ERROR;
				GCC_WARN_UNDECLARED_SELECTOR = YES;
				GCC_WARN_UNINITIALIZED_AUTOS = YES_AGGRESSIVE;
				GCC_WARN_UNUSED_FUNCTION = YES;
				GCC_WARN_UNUSED_VARIABLE = YES;
				IPHONEOS_DEPLOYMENT_TARGET = 9.0;
				MTL_ENABLE_DEBUG_INFO = NO;
				MTL_FAST_MATH = YES;
				SDKROOT = iphoneos;
				SWIFT_COMPILATION_MODE = wholemodule;
				SWIFT_OPTIMIZATION_LEVEL = "-O";
				VALIDATE_PRODUCT = YES;
			};
			name = Release;
		};
		AFE30A722215327700520F34 /* Debug */ = {
			isa = XCBuildConfiguration;
			baseConfigurationReference = C5774895F06D779312E680DB /* Pods-AlertTableViewController.debug.xcconfig */;
			buildSettings = {
				ASSETCATALOG_COMPILER_APPICON_NAME = AppIcon;
				CLANG_ENABLE_MODULES = YES;
				CODE_SIGN_STYLE = Automatic;
				DEVELOPMENT_TEAM = 2BL4KQW6R5;
				INFOPLIST_FILE = AlertTableViewController/Info.plist;
				LD_RUNPATH_SEARCH_PATHS = (
					"$(inherited)",
					"@executable_path/Frameworks",
				);
				PRODUCT_BUNDLE_IDENTIFIER = com.bjitgroup.AlertTableViewController;
				PRODUCT_NAME = "$(TARGET_NAME)";
				SWIFT_OBJC_BRIDGING_HEADER = "AlertTableViewController/AlertTableViewController-Bridging-Header.h";
				SWIFT_OPTIMIZATION_LEVEL = "-Onone";
				SWIFT_VERSION = 4.2;
				TARGETED_DEVICE_FAMILY = "1,2";
			};
			name = Debug;
		};
		AFE30A732215327700520F34 /* Release */ = {
			isa = XCBuildConfiguration;
			baseConfigurationReference = A1319354906AD5757F2549CD /* Pods-AlertTableViewController.release.xcconfig */;
			buildSettings = {
				ASSETCATALOG_COMPILER_APPICON_NAME = AppIcon;
				CLANG_ENABLE_MODULES = YES;
				CODE_SIGN_STYLE = Automatic;
				DEVELOPMENT_TEAM = 2BL4KQW6R5;
				INFOPLIST_FILE = AlertTableViewController/Info.plist;
				LD_RUNPATH_SEARCH_PATHS = (
					"$(inherited)",
					"@executable_path/Frameworks",
				);
				PRODUCT_BUNDLE_IDENTIFIER = com.bjitgroup.AlertTableViewController;
				PRODUCT_NAME = "$(TARGET_NAME)";
				SWIFT_OBJC_BRIDGING_HEADER = "AlertTableViewController/AlertTableViewController-Bridging-Header.h";
				SWIFT_VERSION = 4.2;
				TARGETED_DEVICE_FAMILY = "1,2";
			};
			name = Release;
		};
/* End XCBuildConfiguration section */

/* Begin XCConfigurationList section */
		AFE30A5A2215327200520F34 /* Build configuration list for PBXProject "AlertTableViewController" */ = {
			isa = XCConfigurationList;
			buildConfigurations = (
				AFE30A6F2215327700520F34 /* Debug */,
				AFE30A702215327700520F34 /* Release */,
			);
			defaultConfigurationIsVisible = 0;
			defaultConfigurationName = Release;
		};
		AFE30A712215327700520F34 /* Build configuration list for PBXNativeTarget "AlertTableViewController" */ = {
			isa = XCConfigurationList;
			buildConfigurations = (
				AFE30A722215327700520F34 /* Debug */,
				AFE30A732215327700520F34 /* Release */,
			);
			defaultConfigurationIsVisible = 0;
			defaultConfigurationName = Release;
		};
/* End XCConfigurationList section */
	};
	rootObject = AFE30A572215327200520F34 /* Project object */;
}
